Microsoft Visual Studio Solution File, Format Version 12.00
# Visual Studio 15
VisualStudioVersion = 15.0.26430.6
MinimumVisualStudioVersion = 10.0.40219.1
Project("{2150E333-8FDC-42A3-9474-1A3956D46DE8}") = "Tests", "Tests", "{4DC016EB-1ED1-4EAA-8537-E47278281BDC}"
EndProject
Project("{FAE04EC0-301F-11D3-BF4B-00C04F79EFBC}") = "UnitsNet.Tests", "UnitsNet.Tests\UnitsNet.Tests.csproj", "{6D74103A-9393-42E8-83A8-9E01F806E29D}"
EndProject
Project("{FAE04EC0-301F-11D3-BF4B-00C04F79EFBC}") = "UnitsNet.Serialization.JsonNet.Tests", "UnitsNet.Serialization.JsonNet.Tests\UnitsNet.Serialization.JsonNet.Tests.csproj", "{2A76FC53-E331-4CFA-83C0-93A212FD8F6E}"
EndProject
Project("{2150E333-8FDC-42A3-9474-1A3956D46DE8}") = "Build", "Build", "{9BEB42C6-EC3A-49B8-A065-0D01DDFF16B2}"
	ProjectSection(SolutionItems) = preProject
		Build\UnitsNet.nuspec = Build\UnitsNet.nuspec
		Build\UnitsNet.Serialization.JsonNet.nuspec = Build\UnitsNet.Serialization.JsonNet.nuspec
		Build\UnitsNet.WindowsRuntimeComponent.nuspec = Build\UnitsNet.WindowsRuntimeComponent.nuspec
	EndProjectSection
EndProject
Project("{9A19103F-16F7-4668-BE54-9A1E7A4F7556}") = "UnitsNet.NetStandard", "UnitsNet\UnitsNet.NetStandard.csproj", "{4F2E785C-B735-45C3-800C-E7BD0685FCF4}"
EndProject
Project("{FAE04EC0-301F-11D3-BF4B-00C04F79EFBC}") = "UnitsNet.Serialization.JsonNet", "UnitsNet.Serialization.JsonNet\UnitsNet.Serialization.JsonNet.csproj", "{CAF1E11E-1F8A-44FE-AA2A-FABDCFA063FB}"
EndProject
Project("{FAE04EC0-301F-11D3-BF4B-00C04F79EFBC}") = "UnitsNet.WindowsRuntimeComponent", "UnitsNet\UnitsNet.WindowsRuntimeComponent.csproj", "{9D00CFDA-BFE2-43C6-BBC0-F3CA784B7EDA}"
EndProject
Global
	GlobalSection(SolutionConfigurationPlatforms) = preSolution
		Debug|Any CPU = Debug|Any CPU
		Debug|ARM = Debug|ARM
		Debug|x64 = Debug|x64
		Debug|x86 = Debug|x86
		Release|Any CPU = Release|Any CPU
		Release|ARM = Release|ARM
		Release|x64 = Release|x64
		Release|x86 = Release|x86
	EndGlobalSection
	GlobalSection(ProjectConfigurationPlatforms) = postSolution
		{6D74103A-9393-42E8-83A8-9E01F806E29D}.Debug|Any CPU.ActiveCfg = Debug|Any CPU
		{6D74103A-9393-42E8-83A8-9E01F806E29D}.Debug|Any CPU.Build.0 = Debug|Any CPU
		{6D74103A-9393-42E8-83A8-9E01F806E29D}.Debug|ARM.ActiveCfg = Debug|Any CPU
		{6D74103A-9393-42E8-83A8-9E01F806E29D}.Debug|x64.ActiveCfg = Debug|Any CPU
		{6D74103A-9393-42E8-83A8-9E01F806E29D}.Debug|x86.ActiveCfg = Debug|Any CPU
		{6D74103A-9393-42E8-83A8-9E01F806E29D}.Release|Any CPU.ActiveCfg = Release|Any CPU
		{6D74103A-9393-42E8-83A8-9E01F806E29D}.Release|Any CPU.Build.0 = Release|Any CPU
		{6D74103A-9393-42E8-83A8-9E01F806E29D}.Release|ARM.ActiveCfg = Release|Any CPU
		{6D74103A-9393-42E8-83A8-9E01F806E29D}.Release|x64.ActiveCfg = Release|Any CPU
		{6D74103A-9393-42E8-83A8-9E01F806E29D}.Release|x86.ActiveCfg = Release|Any CPU
		{2A76FC53-E331-4CFA-83C0-93A212FD8F6E}.Debug|Any CPU.ActiveCfg = Debug|Any CPU
		{2A76FC53-E331-4CFA-83C0-93A212FD8F6E}.Debug|Any CPU.Build.0 = Debug|Any CPU
		{2A76FC53-E331-4CFA-83C0-93A212FD8F6E}.Debug|ARM.ActiveCfg = Debug|Any CPU
		{2A76FC53-E331-4CFA-83C0-93A212FD8F6E}.Debug|x64.ActiveCfg = Debug|Any CPU
		{2A76FC53-E331-4CFA-83C0-93A212FD8F6E}.Debug|x86.ActiveCfg = Debug|Any CPU
		{2A76FC53-E331-4CFA-83C0-93A212FD8F6E}.Release|Any CPU.ActiveCfg = Release|Any CPU
		{2A76FC53-E331-4CFA-83C0-93A212FD8F6E}.Release|Any CPU.Build.0 = Release|Any CPU
		{2A76FC53-E331-4CFA-83C0-93A212FD8F6E}.Release|ARM.ActiveCfg = Release|Any CPU
		{2A76FC53-E331-4CFA-83C0-93A212FD8F6E}.Release|x64.ActiveCfg = Release|Any CPU
		{2A76FC53-E331-4CFA-83C0-93A212FD8F6E}.Release|x86.ActiveCfg = Release|Any CPU
		{4F2E785C-B735-45C3-800C-E7BD0685FCF4}.Debug|Any CPU.ActiveCfg = Debug|Any CPU
		{4F2E785C-B735-45C3-800C-E7BD0685FCF4}.Debug|Any CPU.Build.0 = Debug|Any CPU
		{4F2E785C-B735-45C3-800C-E7BD0685FCF4}.Debug|ARM.ActiveCfg = Debug|Any CPU
		{4F2E785C-B735-45C3-800C-E7BD0685FCF4}.Debug|ARM.Build.0 = Debug|Any CPU
		{4F2E785C-B735-45C3-800C-E7BD0685FCF4}.Debug|x64.ActiveCfg = Debug|Any CPU
		{4F2E785C-B735-45C3-800C-E7BD0685FCF4}.Debug|x64.Build.0 = Debug|Any CPU
		{4F2E785C-B735-45C3-800C-E7BD0685FCF4}.Debug|x86.ActiveCfg = Debug|Any CPU
		{4F2E785C-B735-45C3-800C-E7BD0685FCF4}.Debug|x86.Build.0 = Debug|Any CPU
		{4F2E785C-B735-45C3-800C-E7BD0685FCF4}.Release|Any CPU.ActiveCfg = Release|Any CPU
		{4F2E785C-B735-45C3-800C-E7BD0685FCF4}.Release|Any CPU.Build.0 = Release|Any CPU
		{4F2E785C-B735-45C3-800C-E7BD0685FCF4}.Release|ARM.ActiveCfg = Release|Any CPU
		{4F2E785C-B735-45C3-800C-E7BD0685FCF4}.Release|ARM.Build.0 = Release|Any CPU
		{4F2E785C-B735-45C3-800C-E7BD0685FCF4}.Release|x64.ActiveCfg = Release|Any CPU
		{4F2E785C-B735-45C3-800C-E7BD0685FCF4}.Release|x64.Build.0 = Release|Any CPU
		{4F2E785C-B735-45C3-800C-E7BD0685FCF4}.Release|x86.ActiveCfg = Release|Any CPU
		{4F2E785C-B735-45C3-800C-E7BD0685FCF4}.Release|x86.Build.0 = Release|Any CPU
		{CAF1E11E-1F8A-44FE-AA2A-FABDCFA063FB}.Debug|Any CPU.ActiveCfg = Debug|Any CPU
		{CAF1E11E-1F8A-44FE-AA2A-FABDCFA063FB}.Debug|Any CPU.Build.0 = Debug|Any CPU
		{CAF1E11E-1F8A-44FE-AA2A-FABDCFA063FB}.Debug|ARM.ActiveCfg = Debug|Any CPU
		{CAF1E11E-1F8A-44FE-AA2A-FABDCFA063FB}.Debug|ARM.Build.0 = Debug|Any CPU
		{CAF1E11E-1F8A-44FE-AA2A-FABDCFA063FB}.Debug|x64.ActiveCfg = Debug|Any CPU
		{CAF1E11E-1F8A-44FE-AA2A-FABDCFA063FB}.Debug|x64.Build.0 = Debug|Any CPU
		{CAF1E11E-1F8A-44FE-AA2A-FABDCFA063FB}.Debug|x86.ActiveCfg = Debug|Any CPU
		{CAF1E11E-1F8A-44FE-AA2A-FABDCFA063FB}.Debug|x86.Build.0 = Debug|Any CPU
		{CAF1E11E-1F8A-44FE-AA2A-FABDCFA063FB}.Release|Any CPU.ActiveCfg = Release|Any CPU
		{CAF1E11E-1F8A-44FE-AA2A-FABDCFA063FB}.Release|Any CPU.Build.0 = Release|Any CPU
		{CAF1E11E-1F8A-44FE-AA2A-FABDCFA063FB}.Release|ARM.ActiveCfg = Release|Any CPU
		{CAF1E11E-1F8A-44FE-AA2A-FABDCFA063FB}.Release|ARM.Build.0 = Release|Any CPU
		{CAF1E11E-1F8A-44FE-AA2A-FABDCFA063FB}.Release|x64.ActiveCfg = Release|Any CPU
		{CAF1E11E-1F8A-44FE-AA2A-FABDCFA063FB}.Release|x64.Build.0 = Release|Any CPU
		{CAF1E11E-1F8A-44FE-AA2A-FABDCFA063FB}.Release|x86.ActiveCfg = Release|Any CPU
		{CAF1E11E-1F8A-44FE-AA2A-FABDCFA063FB}.Release|x86.Build.0 = Release|Any CPU
		{9D00CFDA-BFE2-43C6-BBC0-F3CA784B7EDA}.Debug|Any CPU.ActiveCfg = Debug|Any CPU
		{9D00CFDA-BFE2-43C6-BBC0-F3CA784B7EDA}.Debug|Any CPU.Build.0 = Debug|Any CPU
		{9D00CFDA-BFE2-43C6-BBC0-F3CA784B7EDA}.Debug|ARM.ActiveCfg = Debug|ARM
		{9D00CFDA-BFE2-43C6-BBC0-F3CA784B7EDA}.Debug|ARM.Build.0 = Debug|ARM
		{9D00CFDA-BFE2-43C6-BBC0-F3CA784B7EDA}.Debug|x64.ActiveCfg = Debug|x64
		{9D00CFDA-BFE2-43C6-BBC0-F3CA784B7EDA}.Debug|x64.Build.0 = Debug|x64
		{9D00CFDA-BFE2-43C6-BBC0-F3CA784B7EDA}.Debug|x86.ActiveCfg = Debug|x86
		{9D00CFDA-BFE2-43C6-BBC0-F3CA784B7EDA}.Debug|x86.Build.0 = Debug|x86
		{9D00CFDA-BFE2-43C6-BBC0-F3CA784B7EDA}.Release|Any CPU.ActiveCfg = Release|Any CPU
		{9D00CFDA-BFE2-43C6-BBC0-F3CA784B7EDA}.Release|Any CPU.Build.0 = Release|Any CPU
		{9D00CFDA-BFE2-43C6-BBC0-F3CA784B7EDA}.Release|ARM.ActiveCfg = Release|ARM
		{9D00CFDA-BFE2-43C6-BBC0-F3CA784B7EDA}.Release|ARM.Build.0 = Release|ARM
		{9D00CFDA-BFE2-43C6-BBC0-F3CA784B7EDA}.Release|x64.ActiveCfg = Release|x64
		{9D00CFDA-BFE2-43C6-BBC0-F3CA784B7EDA}.Release|x64.Build.0 = Release|x64
		{9D00CFDA-BFE2-43C6-BBC0-F3CA784B7EDA}.Release|x86.ActiveCfg = Release|x86
		{9D00CFDA-BFE2-43C6-BBC0-F3CA784B7EDA}.Release|x86.Build.0 = Release|x86
	EndGlobalSection
	GlobalSection(SolutionProperties) = preSolution
		HideSolutionNode = FALSE
	EndGlobalSection
	GlobalSection(NestedProjects) = preSolution
		{6D74103A-9393-42E8-83A8-9E01F806E29D} = {4DC016EB-1ED1-4EAA-8537-E47278281BDC}
		{2A76FC53-E331-4CFA-83C0-93A212FD8F6E} = {4DC016EB-1ED1-4EAA-8537-E47278281BDC}
	EndGlobalSection
EndGlobal
